
Microsoft Visual Studio Solution File, Format Version 12.00
# Visual Studio 15
Project("{FAE04EC0-301F-11D3-BF4B-00C04F79EFBC}") = "lib-physics", "lib-physics.csproj", "{759EF0EF-FE14-48A3-8395-4C98DD7CCB89}"
EndProject
Global
	GlobalSection(SolutionConfigurationPlatforms) = preSolution
		Debug|Any CPU = Debug|Any CPU
		Release|Any CPU = Release|Any CPU
	EndGlobalSection
	GlobalSection(ProjectConfigurationPlatforms) = postSolution
		{759EF0EF-FE14-48A3-8395-4C98DD7CCB89}.Debug|Any CPU.ActiveCfg = Debug|Any CPU
		{759EF0EF-FE14-48A3-8395-4C98DD7CCB89}.Debug|Any CPU.Build.0 = Debug|Any CPU
		{759EF0EF-FE14-48A3-8395-4C98DD7CCB89}.Release|Any CPU.ActiveCfg = Release|Any CPU
		{759EF0EF-FE14-48A3-8395-4C98DD7CCB89}.Release|Any CPU.Build.0 = Release|Any CPU
	EndGlobalSection
EndGlobal
